
Microsoft Visual Studio Solution File, Format Version 12.00
# Visual Studio Version 16
VisualStudioVersion = 16.0.30011.22
MinimumVisualStudioVersion = 10.0.40219.1
Project("{FAE04EC0-301F-11D3-BF4B-00C04F79EFBC}") = "UniversalDialog", "UniversalDialog\UniversalDialog.csproj", "{941F73D5-AA7A-4F7D-AE8C-F0496221C05D}"
EndProject
Project("{FAE04EC0-301F-11D3-BF4B-00C04F79EFBC}") = "UniversalDialog.Demo", "UniversalDialog.Demo\UniversalDialog.Demo.csproj", "{39F77F65-0F81-4B84-9069-2177D3EE9547}"
EndProject
Global
	GlobalSection(SolutionConfigurationPlatforms) = preSolution
		Debug|Any CPU = Debug|Any CPU
		Release|Any CPU = Release|Any CPU
	EndGlobalSection
	GlobalSection(ProjectConfigurationPlatforms) = postSolution
		{941F73D5-AA7A-4F7D-AE8C-F0496221C05D}.Debug|Any CPU.ActiveCfg = Debug|Any CPU
		{941F73D5-AA7A-4F7D-AE8C-F0496221C05D}.Debug|Any CPU.Build.0 = Debug|Any CPU
		{941F73D5-AA7A-4F7D-AE8C-F0496221C05D}.Release|Any CPU.ActiveCfg = Release|Any CPU
		{941F73D5-AA7A-4F7D-AE8C-F0496221C05D}.Release|Any CPU.Build.0 = Release|Any CPU
		{39F77F65-0F81-4B84-9069-2177D3EE9547}.Debug|Any CPU.ActiveCfg = Debug|Any CPU
		{39F77F65-0F81-4B84-9069-2177D3EE9547}.Debug|Any CPU.Build.0 = Debug|Any CPU
		{39F77F65-0F81-4B84-9069-2177D3EE9547}.Release|Any CPU.ActiveCfg = Release|Any CPU
		{39F77F65-0F81-4B84-9069-2177D3EE9547}.Release|Any CPU.Build.0 = Release|Any CPU
	EndGlobalSection
	GlobalSection(SolutionProperties) = preSolution
		HideSolutionNode = FALSE
	EndGlobalSection
	GlobalSection(ExtensibilityGlobals) = postSolution
		SolutionGuid = {8D8A752F-9A02-4510-88FB-9FCBE777BBF6}
	EndGlobalSection
EndGlobal
